// !$*UTF8*$!
{
	archiveVersion = 1;
	classes = {
	};
	objectVersion = 46;
	objects = {

/* Begin PBXBuildFile section */
		C4144F381AA8016900E2DA50 /* AppDelegate.swift in Sources */ = {isa = PBXBuildFile; fileRef = C4144F371AA8016900E2DA50 /* AppDelegate.swift */; };
		C4144F3A1AA8016900E2DA50 /* ViewController.swift in Sources */ = {isa = PBXBuildFile; fileRef = C4144F391AA8016900E2DA50 /* ViewController.swift */; };
		C4144F3D1AA8016900E2DA50 /* Main.storyboard in Resources */ = {isa = PBXBuildFile; fileRef = C4144F3B1AA8016900E2DA50 /* Main.storyboard */; };
		C4144F3F1AA8016900E2DA50 /* Images.xcassets in Resources */ = {isa = PBXBuildFile; fileRef = C4144F3E1AA8016900E2DA50 /* Images.xcassets */; };
		C4144F421AA8016900E2DA50 /* LaunchScreen.xib in Resources */ = {isa = PBXBuildFile; fileRef = C4144F401AA8016900E2DA50 /* LaunchScreen.xib */; };
		C4144F4E1AA8016900E2DA50 /* KeyBoardDemoTests.swift in Sources */ = {isa = PBXBuildFile; fileRef = C4144F4D1AA8016900E2DA50 /* KeyBoardDemoTests.swift */; };
/* End PBXBuildFile section */

/* Begin PBXContainerItemProxy section */
		C4144F481AA8016900E2DA50 /* PBXContainerItemProxy */ = {
			isa = PBXContainerItemProxy;
			containerPortal = C4144F2A1AA8016900E2DA50 /* Project object */;
			proxyType = 1;
			remoteGlobalIDString = C4144F311AA8016900E2DA50;
			remoteInfo = KeyBoardDemo;
		};
/* End PBXContainerItemProxy section */

/* Begin PBXFileReference section */
		C4144F321AA8016900E2DA50 /* KeyBoardDemo.app */ = {isa = PBXFileReference; explicitFileType = wrapper.application; includeInIndex = 0; path = KeyBoardDemo.app; sourceTree = BUILT_PRODUCTS_DIR; };
		C4144F361AA8016900E2DA50 /* Info.plist */ = {isa = PBXFileReference; lastKnownFileType = text.plist.xml; path = Info.plist; sourceTree = "<group>"; };
		C4144F371AA8016900E2DA50 /* AppDelegate.swift */ = {isa = PBXFileReference; lastKnownFileType = sourcecode.swift; path = AppDelegate.swift; sourceTree = "<group>"; };
		C4144F391AA8016900E2DA50 /* ViewController.swift */ = {isa = PBXFileReference; lastKnownFileType = sourcecode.swift; path = ViewController.swift; sourceTree = "<group>"; };
		C4144F3C1AA8016900E2DA50 /* Base */ = {isa = PBXFileReference; lastKnownFileType = file.storyboard; name = Base; path = Base.lproj/Main.storyboard; sourceTree = "<group>"; };
		C4144F3E1AA8016900E2DA50 /* Images.xcassets */ = {isa = PBXFileReference; lastKnownFileType = folder.assetcatalog; path = Images.xcassets; sourceTree = "<group>"; };
		C4144F411AA8016900E2DA50 /* Base */ = {isa = PBXFileReference; lastKnownFileType = file.xib; name = Base; path = Base.lproj/LaunchScreen.xib; sourceTree = "<group>"; };
		C4144F471AA8016900E2DA50 /* KeyBoardDemoTests.xctest */ = {isa = PBXFileReference; explicitFileType = wrapper.cfbundle; includeInIndex = 0; path = KeyBoardDemoTests.xctest; sourceTree = BUILT_PRODUCTS_DIR; };
		C4144F4C1AA8016900E2DA50 /* Info.plist */ = {isa = PBXFileReference; lastKnownFileType = text.plist.xml; path = Info.plist; sourceTree = "<group>"; };
		C4144F4D1AA8016900E2DA50 /* KeyBoardDemoTests.swift */ = {isa = PBXFileReference; lastKnownFileType = sourcecode.swift; path = KeyBoardDemoTests.swift; sourceTree = "<group>"; };
/* End PBXFileReference section */

/* Begin PBXFrameworksBuildPhase section */
		C4144F2F1AA8016900E2DA50 /* Frameworks */ = {
			isa = PBXFrameworksBuildPhase;
			buildActionMask = 2147483647;
			files = (
			);
			runOnlyForDeploymentPostprocessing = 0;
		};
		C4144F441AA8016900E2DA50 /* Frameworks */ = {
			isa = PBXFrameworksBuildPhase;
			buildActionMask = 2147483647;
			files = (
			);
			runOnlyForDeploymentPostprocessing = 0;
		};
/* End PBXFrameworksBuildPhase section */

/* Begin PBXGroup section */
		C4144F291AA8016900E2DA50 = {
			isa = PBXGroup;
			children = (
				C4144F341AA8016900E2DA50 /* KeyBoardDemo */,
				C4144F4A1AA8016900E2DA50 /* KeyBoardDemoTests */,
				C4144F331AA8016900E2DA50 /* Products */,
			);
			sourceTree = "<group>";
		};
		C4144F331AA8016900E2DA50 /* Products */ = {
			isa = PBXGroup;
			children = (
				C4144F321AA8016900E2DA50 /* KeyBoardDemo.app */,
				C4144F471AA8016900E2DA50 /* KeyBoardDemoTests.xctest */,
			);
			name = Products;
			sourceTree = "<group>";
		};
		C4144F341AA8016900E2DA50 /* KeyBoardDemo */ = {
			isa = PBXGroup;
			children = (
				C4144F371AA8016900E2DA50 /* AppDelegate.swift */,
				C4144F391AA8016900E2DA50 /* ViewController.swift */,
				C4144F3B1AA8016900E2DA50 /* Main.storyboard */,
				C4144F3E1AA8016900E2DA50 /* Images.xcassets */,
				C4144F401AA8016900E2DA50 /* LaunchScreen.xib */,
				C4144F351AA8016900E2DA50 /* Supporting Files */,
			);
			path = KeyBoardDemo;
			sourceTree = "<group>";
		};
		C4144F351AA8016900E2DA50 /* Supporting Files */ = {
			isa = PBXGroup;
			children = (
				C4144F361AA8016900E2DA50 /* Info.plist */,
			);
			name = "Supporting Files";
			sourceTree = "<group>";
		};
		C4144F4A1AA8016900E2DA50 /* KeyBoardDemoTests */ = {
			isa = PBXGroup;
			children = (
				C4144F4D1AA8016900E2DA50 /* KeyBoardDemoTests.swift */,
				C4144F4B1AA8016900E2DA50 /* Supporting Files */,
			);
			path = KeyBoardDemoTests;
			sourceTree = "<group>";
		};
		C4144F4B1AA8016900E2DA50 /* Supporting Files */ = {
			isa = PBXGroup;
			children = (
				C4144F4C1AA8016900E2DA50 /* Info.plist */,
			);
			name = "Supporting Files";
			sourceTree = "<group>";
		};
/* End PBXGroup section */

/* Begin PBXNativeTarget section */
		C4144F311AA8016900E2DA50 /* KeyBoardDemo */ = {
			isa = PBXNativeTarget;
			buildConfigurationList = C4144F511AA8016900E2DA50 /* Build configuration list for PBXNativeTarget "KeyBoardDemo" */;
			buildPhases = (
				C4144F2E1AA8016900E2DA50 /* Sources */,
				C4144F2F1AA8016900E2DA50 /* Frameworks */,
				C4144F301AA8016900E2DA50 /* Resources */,
			);
			buildRules = (
			);
			dependencies = (
			);
			name = KeyBoardDemo;
			productName = KeyBoardDemo;
			productReference = C4144F321AA8016900E2DA50 /* KeyBoardDemo.app */;
			productType = "com.apple.product-type.application";
		};
		C4144F461AA8016900E2DA50 /* KeyBoardDemoTests */ = {
			isa = PBXNativeTarget;
			buildConfigurationList = C4144F541AA8016900E2DA50 /* Build configuration list for PBXNativeTarget "KeyBoardDemoTests" */;
			buildPhases = (
				C4144F431AA8016900E2DA50 /* Sources */,
				C4144F441AA8016900E2DA50 /* Frameworks */,
				C4144F451AA8016900E2DA50 /* Resources */,
			);
			buildRules = (
			);
			dependencies = (
				C4144F491AA8016900E2DA50 /* PBXTargetDependency */,
			);
			name = KeyBoardDemoTests;
			productName = KeyBoardDemoTests;
			productReference = C4144F471AA8016900E2DA50 /* KeyBoardDemoTests.xctest */;
			productType = "com.apple.product-type.bundle.unit-test";
		};
/* End PBXNativeTarget section */

/* Begin PBXProject section */
		C4144F2A1AA8016900E2DA50 /* Project object */ = {
			isa = PBXProject;
			attributes = {
				LastUpgradeCheck = 0610;
				ORGANIZATIONNAME = "Kristian Secor";
				TargetAttributes = {
					C4144F311AA8016900E2DA50 = {
						CreatedOnToolsVersion = 6.1.1;
					};
					C4144F461AA8016900E2DA50 = {
						CreatedOnToolsVersion = 6.1.1;
						TestTargetID = C4144F311AA8016900E2DA50;
					};
				};
			};
			buildConfigurationList = C4144F2D1AA8016900E2DA50 /* Build configuration list for PBXProject "KeyBoardDemo" */;
			compatibilityVersion = "Xcode 3.2";
			developmentRegion = English;
			hasScannedForEncodings = 0;
			knownRegions = (
				en,
				Base,
			);
			mainGroup = C4144F291AA8016900E2DA50;
			productRefGroup = C4144F331AA8016900E2DA50 /* Products */;
			projectDirPath = "";
			projectRoot = "";
			targets = (
				C4144F311AA8016900E2DA50 /* KeyBoardDemo */,
				C4144F461AA8016900E2DA50 /* KeyBoardDemoTests */,
			);
		};
/* End PBXProject section */

/* Begin PBXResourcesBuildPhase section */
		C4144F301AA8016900E2DA50 /* Resources */ = {
			isa = PBXResourcesBuildPhase;
			buildActionMask = 2147483647;
			files = (
				C4144F3D1AA8016900E2DA50 /* Main.storyboard in Resources */,
				C4144F421AA8016900E2DA50 /* LaunchScreen.xib in Resources */,
				C4144F3F1AA8016900E2DA50 /* Images.xcassets in Resources */,
			);
			runOnlyForDeploymentPostprocessing = 0;
		};
		C4144F451AA8016900E2DA50 /* Resources */ = {
			isa = PBXResourcesBuildPhase;
			buildActionMask = 2147483647;
			files = (
			);
			runOnlyForDeploymentPostprocessing = 0;
		};
/* End PBXResourcesBuildPhase section */

/* Begin PBXSourcesBuildPhase section */
		C4144F2E1AA8016900E2DA50 /* Sources */ = {
			isa = PBXSourcesBuildPhase;
			buildActionMask = 2147483647;
			files = (
				C4144F3A1AA8016900E2DA50 /* ViewController.swift in Sources */,
				C4144F381AA8016900E2DA50 /* AppDelegate.swift in Sources */,
			);
			runOnlyForDeploymentPostprocessing = 0;
		};
		C4144F431AA8016900E2DA50 /* Sources */ = {
			isa = PBXSourcesBuildPhase;
			buildActionMask = 2147483647;
			files = (
				C4144F4E1AA8016900E2DA50 /* KeyBoardDemoTests.swift in Sources */,
			);
			runOnlyForDeploymentPostprocessing = 0;
		};
/* End PBXSourcesBuildPhase section */

/* Begin PBXTargetDependency section */
		C4144F491AA8016900E2DA50 /* PBXTargetDependency */ = {
			isa = PBXTargetDependency;
			target = C4144F311AA8016900E2DA50 /* KeyBoardDemo */;
			targetProxy = C4144F481AA8016900E2DA50 /* PBXContainerItemProxy */;
		};
/* End PBXTargetDependency section */

/* Begin PBXVariantGroup section */
		C4144F3B1AA8016900E2DA50 /* Main.storyboard */ = {
			isa = PBXVariantGroup;
			children = (
				C4144F3C1AA8016900E2DA50 /* Base */,
			);
			name = Main.storyboard;
			sourceTree = "<group>";
		};
		C4144F401AA8016900E2DA50 /* LaunchScreen.xib */ = {
			isa = PBXVariantGroup;
			children = (
				C4144F411AA8016900E2DA50 /* Base */,
			);
			name = LaunchScreen.xib;
			sourceTree = "<group>";
		};
/* End PBXVariantGroup section */

/* Begin XCBuildConfiguration section */
		C4144F4F1AA8016900E2DA50 /* Debug */ = {
			isa = XCBuildConfiguration;
			buildSettings = {
				ALWAYS_SEARCH_USER_PATHS = NO;
				CLANG_CXX_LANGUAGE_STANDARD = "gnu++0x";
				CLANG_CXX_LIBRARY = "libc++";
				CLANG_ENABLE_MODULES = YES;
				CLANG_ENABLE_OBJC_ARC = YES;
				CLANG_WARN_BOOL_CONVERSION = YES;
				CLANG_WARN_CONSTANT_CONVERSION = YES;
				CLANG_WARN_DIRECT_OBJC_ISA_USAGE = YES_ERROR;
				CLANG_WARN_EMPTY_BODY = YES;
				CLANG_WARN_ENUM_CONVERSION = YES;
				CLANG_WARN_INT_CONVERSION = YES;
				CLANG_WARN_OBJC_ROOT_CLASS = YES_ERROR;
				CLANG_WARN_UNREACHABLE_CODE = YES;
				CLANG_WARN__DUPLICATE_METHOD_MATCH = YES;
				"CODE_SIGN_IDENTITY[sdk=iphoneos*]" = "iPhone Developer";
				COPY_PHASE_STRIP = NO;
				ENABLE_STRICT_OBJC_MSGSEND = YES;
				GCC_C_LANGUAGE_STANDARD = gnu99;
				GCC_DYNAMIC_NO_PIC = NO;
				GCC_OPTIMIZATION_LEVEL = 0;
				GCC_PREPROCESSOR_DEFINITIONS = (
					"DEBUG=1",
					"$(inherited)",
				);
				GCC_SYMBOLS_PRIVATE_EXTERN = NO;
				GCC_WARN_64_TO_32_BIT_CONVERSION = YES;
				GCC_WARN_ABOUT_RETURN_TYPE = YES_ERROR;
				GCC_WARN_UNDECLARED_SELECTOR = YES;
				GCC_WARN_UNINITIALIZED_AUTOS = YES_AGGRESSIVE;
				GCC_WARN_UNUSED_FUNCTION = YES;
				GCC_WARN_UNUSED_VARIABLE = YES;
				IPHONEOS_DEPLOYMENT_TARGET = 8.1;
				MTL_ENABLE_DEBUG_INFO = YES;
				ONLY_ACTIVE_ARCH = YES;
				SDKROOT = iphoneos;
				SWIFT_OPTIMIZATION_LEVEL = "-Onone";
			};
			name = Debug;
		};
		C4144F501AA8016900E2DA50 /* Release */ = {
			isa = XCBuildConfiguration;
			buildSettings = {
				ALWAYS_SEARCH_USER_PATHS = NO;
				CLANG_CXX_LANGUAGE_STANDARD = "gnu++0x";
				CLANG_CXX_LIBRARY = "libc++";
				CLANG_ENABLE_MODULES = YES;
				CLANG_ENABLE_OBJC_ARC = YES;
				CLANG_WARN_BOOL_CONVERSION = YES;
				CLANG_WARN_CONSTANT_CONVERSION = YES;
				CLANG_WARN_DIRECT_OBJC_ISA_USAGE = YES_ERROR;
				CLANG_WARN_EMPTY_BODY = YES;
				CLANG_WARN_ENUM_CONVERSION = YES;
				CLANG_WARN_INT_CONVERSION = YES;
				CLANG_WARN_OBJC_ROOT_CLASS = YES_ERROR;
				CLANG_WARN_UNREACHABLE_CODE = YES;
				CLANG_WARN__DUPLICATE_METHOD_MATCH = YES;
				"CODE_SIGN_IDENTITY[sdk=iphoneos*]" = "iPhone Developer";
				COPY_PHASE_STRIP = YES;
				ENABLE_NS_ASSERTIONS = NO;
				ENABLE_STRICT_OBJC_MSGSEND = YES;
				GCC_C_LANGUAGE_STANDARD = gnu99;
				GCC_WARN_64_TO_32_BIT_CONVERSION = YES;
				GCC_WARN_ABOUT_RETURN_TYPE = YES_ERROR;
				GCC_WARN_UNDECLARED_SELECTOR = YES;
				GCC_WARN_UNINITIALIZED_AUTOS = YES_AGGRESSIVE;
				GCC_WARN_UNUSED_FUNCTION = YES;
				GCC_WARN_UNUSED_VARIABLE = YES;
				IPHONEOS_DEPLOYMENT_TARGET = 8.1;
				MTL_ENABLE_DEBUG_INFO = NO;
				SDKROOT = iphoneos;
				VALIDATE_PRODUCT = YES;
			};
			name = Release;
		};
		C4144F521AA8016900E2DA50 /* Debug */ = {
			isa = XCBuildConfiguration;
			buildSettings = {
				ASSETCATALOG_COMPILER_APPICON_NAME = AppIcon;
				INFOPLIST_FILE = KeyBoardDemo/Info.plist;
				LD_RUNPATH_SEARCH_PATHS = "$(inherited) @executable_path/Frameworks";
				PRODUCT_NAME = "$(TARGET_NAME)";
			};
			name = Debug;
		};
		C4144F531AA8016900E2DA50 /* Release */ = {
			isa = XCBuildConfiguration;
			buildSettings = {
				ASSETCATALOG_COMPILER_APPICON_NAME = AppIcon;
				INFOPLIST_FILE = KeyBoardDemo/Info.plist;
				LD_RUNPATH_SEARCH_PATHS = "$(inherited) @executable_path/Frameworks";
				PRODUCT_NAME = "$(TARGET_NAME)";
			};
			name = Release;
		};
		C4144F551AA8016900E2DA50 /* Debug */ = {
			isa = XCBuildConfiguration;
			buildSettings = {
				BUNDLE_LOADER = "$(TEST_HOST)";
				FRAMEWORK_SEARCH_PATHS = (
					"$(SDKROOT)/Developer/Library/Frameworks",
					"$(inherited)",
				);
				GCC_PREPROCESSOR_DEFINITIONS = (
					"DEBUG=1",
					"$(inherited)",
				);
				INFOPLIST_FILE = KeyBoardDemoTests/Info.plist;
				LD_RUNPATH_SEARCH_PATHS = "$(inherited) @executable_path/Frameworks @loader_path/Frameworks";
				PRODUCT_NAME = "$(TARGET_NAME)";
				TEST_HOST = "$(BUILT_PRODUCTS_DIR)/KeyBoardDemo.app/KeyBoardDemo";
			};
			name = Debug;
		};
		C4144F561AA8016900E2DA50 /* Release */ = {
			isa = XCBuildConfiguration;
			buildSettings = {
				BUNDLE_LOADER = "$(TEST_HOST)";
				FRAMEWORK_SEARCH_PATHS = (
					"$(SDKROOT)/Developer/Library/Frameworks",
					"$(inherited)",
				);
				INFOPLIST_FILE = KeyBoardDemoTests/Info.plist;
				LD_RUNPATH_SEARCH_PATHS = "$(inherited) @executable_path/Frameworks @loader_path/Frameworks";
				PRODUCT_NAME = "$(TARGET_NAME)";
				TEST_HOST = "$(BUILT_PRODUCTS_DIR)/KeyBoardDemo.app/KeyBoardDemo";
			};
			name = Release;
		};
/* End XCBuildConfiguration section */

/* Begin XCConfigurationList section */
		C4144F2D1AA8016900E2DA50 /* Build configuration list for PBXProject "KeyBoardDemo" */ = {
			isa = XCConfigurationList;
			buildConfigurations = (
				C4144F4F1AA8016900E2DA50 /* Debug */,
				C4144F501AA8016900E2DA50 /* Release */,
			);
			defaultConfigurationIsVisible = 0;
			defaultConfigurationName = Release;
		};
		C4144F511AA8016900E2DA50 /* Build configuration list for PBXNativeTarget "KeyBoardDemo" */ = {
			isa = XCConfigurationList;
			buildConfigurations = (
				C4144F521AA8016900E2DA50 /* Debug */,
				C4144F531AA8016900E2DA50 /* Release */,
			);
			defaultConfigurationIsVisible = 0;
		};
		C4144F541AA8016900E2DA50 /* Build configuration list for PBXNativeTarget "KeyBoardDemoTests" */ = {
			isa = XCConfigurationList;
			buildConfigurations = (
				C4144F551AA8016900E2DA50 /* Debug */,
				C4144F561AA8016900E2DA50 /* Release */,
			);
			defaultConfigurationIsVisible = 0;
		};
/* End XCConfigurationList section */
	};
	rootObject = C4144F2A1AA8016900E2DA50 /* Project object */;
}
